<?xml version="1.0" encoding="utf-8"?>
<Project ToolsVersion="4.0" xmlns="http://schemas.microsoft.com/developer/msbuild/2003">
  <ItemGroup>
    <ClCompile Include="Entity.cpp">
      <Filter>Fichiers sources</Filter>
    </ClCompile>
    <ClCompile Include="GameEngine.cpp">
      <Filter>Fichiers sources</Filter>
    </ClCompile>
    <ClCompile Include="Gui.cpp">
      <Filter>Fichiers sources</Filter>
    </ClCompile>
    <ClCompile Include="Imp.cpp">
      <Filter>Fichiers sources</Filter>
    </ClCompile>
    <ClCompile Include="Mob.cpp">
      <Filter>Fichiers sources</Filter>
    </ClCompile>
    <ClCompile Include="Player.cpp">
      <Filter>Fichiers sources</Filter>
    </ClCompile>
    <ClCompile Include="Prop.cpp">
      <Filter>Fichiers sources</Filter>
    </ClCompile>
    <ClCompile Include="Ressource.cpp">
      <Filter>Fichiers sources</Filter>
    </ClCompile>
    <ClCompile Include="Level.cpp">
      <Filter>Fichiers sources\Level</Filter>
    </ClCompile>
    <ClCompile Include="Level1.cpp">
      <Filter>Fichiers sources\Level</Filter>
    </ClCompile>
    <ClCompile Include="Level2.cpp">
      <Filter>Fichiers sources\Level</Filter>
    </ClCompile>
    <ClCompile Include="Game.cpp">
      <Filter>Fichiers sources\Scene</Filter>
    </ClCompile>
    <ClCompile Include="Scene.cpp">
      <Filter>Fichiers sources\Scene</Filter>
    </ClCompile>
    <ClCompile Include="TestRoom.cpp">
      <Filter>Fichiers sources\Scene</Filter>
    </ClCompile>
    <ClCompile Include="Spitter.cpp">
      <Filter>Fichiers sources</Filter>
    </ClCompile>
    <ClCompile Include="MenuLevel.cpp">
      <Filter>Fichiers sources\Scene</Filter>
    </ClCompile>
    <ClCompile Include="MenuMain.cpp">
      <Filter>Fichiers sources\Scene</Filter>
    </ClCompile>
  </ItemGroup>
  <ItemGroup>
    <ClInclude Include="Entity.h">
      <Filter>Fichiers d%27en-tete</Filter>
    </ClInclude>
    <ClInclude Include="Game.h">
      <Filter>Fichiers d%27en-tete\Scene</Filter>
    </ClInclude>
    <ClInclude Include="GameEngine.h">
      <Filter>Fichiers d%27en-tete</Filter>
    </ClInclude>
    <ClInclude Include="Gui.h">
      <Filter>Fichiers d%27en-tete</Filter>
    </ClInclude>
    <ClInclude Include="Level2.h">
      <Filter>Fichiers d%27en-tete\Level</Filter>
    </ClInclude>
    <ClInclude Include="Levels.h">
      <Filter>Fichiers d%27en-tete\Level</Filter>
    </ClInclude>
    <ClInclude Include="Level1.h">
      <Filter>Fichiers d%27en-tete\Level</Filter>
    </ClInclude>
    <ClInclude Include="Level.h">
      <Filter>Fichiers d%27en-tete\Level</Filter>
    </ClInclude>
    <ClInclude Include="Imp.h">
      <Filter>Fichiers d%27en-tete</Filter>
    </ClInclude>
    <ClInclude Include="Mob.h">
      <Filter>Fichiers d%27en-tete</Filter>
    </ClInclude>
    <ClInclude Include="Player.h">
      <Filter>Fichiers d%27en-tete</Filter>
    </ClInclude>
    <ClInclude Include="Scene.h">
      <Filter>Fichiers d%27en-tete\Scene</Filter>
    </ClInclude>
    <ClInclude Include="TestRoom.h">
      <Filter>Fichiers d%27en-tete\Scene</Filter>
    </ClInclude>
    <ClInclude Include="Prop.h">
      <Filter>Fichiers d%27en-tete</Filter>
    </ClInclude>
    <ClInclude Include="Ressource.h">
      <Filter>Fichiers d%27en-tete</Filter>
    </ClInclude>
    <ClInclude Include="AllEntities.h">
      <Filter>Fichiers d%27en-tete</Filter>
    </ClInclude>
    <ClInclude Include="Spitter.h">
      <Filter>Fichiers d%27en-tete</Filter>
    </ClInclude>
    <ClInclude Include="MenuLevel.h">
      <Filter>Fichiers d%27en-tete\Scene</Filter>
    </ClInclude>
    <ClInclude Include="MenuMain.h">
      <Filter>Fichiers d%27en-tete\Scene</Filter>
    </ClInclude>
  </ItemGroup>
  <ItemGroup>
    <Filter Include="Fichiers d%27en-tete">
      <UniqueIdentifier>{5066456f-0666-4e21-966c-9d39b30642f8}</UniqueIdentifier>
    </Filter>
    <Filter Include="Fichiers d%27en-tete\Level">
      <UniqueIdentifier>{a26a7583-86d6-4adf-a217-7046e90e9ad8}</UniqueIdentifier>
    </Filter>
    <Filter Include="Fichiers d%27en-tete\Scene">
      <UniqueIdentifier>{1d74359d-36bd-42ac-a187-e239fe88f00c}</UniqueIdentifier>
    </Filter>
    <Filter Include="Fichiers sources">
      <UniqueIdentifier>{5bd14359-1a1e-4312-9e4e-a1f0521b5478}</UniqueIdentifier>
    </Filter>
    <Filter Include="Fichiers sources\Level">
      <UniqueIdentifier>{ec1baf0e-1baf-430c-bc54-a9baa87afaf3}</UniqueIdentifier>
    </Filter>
    <Filter Include="Fichiers sources\Scene">
      <UniqueIdentifier>{6f890975-3afe-45b3-9416-fe54d579436d}</UniqueIdentifier>
    </Filter>
  </ItemGroup>
</Project>